<?xml version="1.0" encoding="utf-8"?>
<Project ToolsVersion="4.0" xmlns="http://schemas.microsoft.com/developer/msbuild/2003">
  <ItemGroup>
    <ClCompile Include="GameObjects\Button.cpp" />
    <ClCompile Include="GameObjects\Animator.cpp" />
    <ClCompile Include="DataTables\DataTable.cpp" />
    <ClCompile Include="DataTables\DataTableManager.cpp" />
    <ClCompile Include="Framework\Framework.cpp" />
    <ClCompile Include="Framework\InputManager.cpp" />
    <ClCompile Include="Framework\SoundManager.cpp" />
    <ClCompile Include="GameObjects\Enemy.cpp" />
    <ClCompile Include="GameObjects\Spawner.cpp" />
    <ClCompile Include="GameObjects\TestPlayer.cpp" />
    <ClCompile Include="GameObjects\Tilemap.cpp" />
    <ClCompile Include="GameObjects\UiHUD.cpp" />
    <ClCompile Include="GameObjects\InputField.cpp" />
    <ClCompile Include="Utils\MyString.cpp" />
    <ClCompile Include="GameObjects\PreviewCharacter.cpp" />
    <ClCompile Include="Utils\MyString.cpp" />
    <ClCompile Include="Scenes\SceneAnimationTool.cpp" />
    <ClCompile Include="Player.cpp" />
    <ClCompile Include="Player2.cpp" />
    <ClCompile Include="Scenes\SceneDev1.cpp" />
    <ClCompile Include="Scenes\SceneTitle.cpp" />
    <ClCompile Include="GameObjects\Stage1.cpp" />
    <ClCompile Include="Scenes\TestScene.cpp" />
    <ClCompile Include="Utils\MyMath.cpp" />
    <ClCompile Include="Utils\Origin.cpp" />
    <ClCompile Include="Framework\pch.cpp" />
    <ClCompile Include="GameObjects\SpriteGo.cpp" />
    <ClCompile Include="GameObjects\TextGo.cpp" />
    <ClCompile Include="GameObjects\GameObject.cpp" />
    <ClCompile Include="Utils\Random.cpp" />
    <ClCompile Include="Scenes\Scene.cpp" />
    <ClCompile Include="Framework\SceneManager.cpp" />
    <ClCompile Include="main.cpp" />
    <ClCompile Include="Scenes\SceneGame.cpp" />
    <ClCompile Include="Utils\Sort.cpp" />
    <ClCompile Include="Utils\Vector2.cpp" />
    <ClCompile Include="ComboCommands.cpp" />
    <ClCompile Include="GameObjects\WindyPlane.cpp" />
    <ClCompile Include="BossTable.cpp" />
    <ClCompile Include="GameObjects\WindEffect.cpp" />
    <ClCompile Include="GameObjects\BaseBall.cpp" />
    <ClCompile Include="Item.cpp" />
    <ClCompile Include="PickupItem.cpp" />
  </ItemGroup>
  <ItemGroup>
    <ClInclude Include="GameObjects\Button.h" />
    <ClInclude Include="GameObjects\Animator.h" />
    <ClInclude Include="DataTables\DataTable.h" />
    <ClInclude Include="DataTables\DataTableManager.h" />
    <ClInclude Include="Framework\Defines.h" />
    <ClInclude Include="Framework\Framework.h" />
    <ClInclude Include="Framework\InputManager.h" />
    <ClInclude Include="Framework\SoundManager.h" />
    <ClInclude Include="GameObjects\Enemy.h" />
    <ClInclude Include="GameObjects\Spawner.h" />
    <ClInclude Include="GameObjects\Stage1.h" />
    <ClInclude Include="GameObjects\TestPlayer.h" />
    <ClInclude Include="GameObjects\Tilemap.h" />
    <ClInclude Include="GameObjects\UiHUD.h" />
    <ClInclude Include="GameObjects\InputField.h" />
    <ClInclude Include="GameObjects\PreviewCharacter.h" />
    <ClInclude Include="Utils\MyString.h" />
    <ClInclude Include="Player.h" />
    <ClInclude Include="Player2.h" />
    <ClInclude Include="rapidcsv.h" />
    <ClInclude Include="Scenes\SceneAnimationTool.h" />
    <ClInclude Include="Scenes\SceneDev1.h" />
    <ClInclude Include="Scenes\SceneTitle.h" />
    <ClInclude Include="Scenes\TestScene.h" />
    <ClInclude Include="Utils\MyMath.h" />
    <ClInclude Include="Utils\Origin.h" />
    <ClInclude Include="Framework\pch.h" />
    <ClInclude Include="Framework\ResourceManager.h" />
    <ClInclude Include="Framework\Singleton.h" />
    <ClInclude Include="GameObjects\SpriteGo.h" />
    <ClInclude Include="GameObjects\TextGo.h" />
    <ClInclude Include="GameObjects\GameObject.h" />
    <ClInclude Include="Utils\Random.h" />
    <ClInclude Include="Scenes\Scene.h" />
    <ClInclude Include="Framework\SceneManager.h" />
    <ClInclude Include="Scenes\SceneGame.h" />
    <ClInclude Include="Utils\Sort.h" />
    <ClInclude Include="Utils\Vector2.h" />
    <ClInclude Include="ComboCommands.h" />
    <ClInclude Include="GameObjects\WindyPlane.h" />
    <ClInclude Include="BossTable.h" />
    <ClInclude Include="rapidjson\allocators.h" />
    <ClInclude Include="rapidjson\cursorstreamwrapper.h" />
    <ClInclude Include="rapidjson\document.h" />
    <ClInclude Include="rapidjson\encodedstream.h" />
    <ClInclude Include="rapidjson\encodings.h" />
    <ClInclude Include="rapidjson\error\en.h" />
    <ClInclude Include="rapidjson\error\error.h" />
    <ClInclude Include="rapidjson\filereadstream.h" />
    <ClInclude Include="rapidjson\filewritestream.h" />
    <ClInclude Include="rapidjson\fwd.h" />
    <ClInclude Include="rapidjson\internal\biginteger.h" />
    <ClInclude Include="rapidjson\internal\clzll.h" />
    <ClInclude Include="rapidjson\internal\diyfp.h" />
    <ClInclude Include="rapidjson\internal\dtoa.h" />
    <ClInclude Include="rapidjson\internal\ieee754.h" />
    <ClInclude Include="rapidjson\internal\itoa.h" />
    <ClInclude Include="rapidjson\internal\meta.h" />
    <ClInclude Include="rapidjson\internal\pow10.h" />
    <ClInclude Include="rapidjson\internal\regex.h" />
    <ClInclude Include="rapidjson\internal\stack.h" />
    <ClInclude Include="rapidjson\internal\strfunc.h" />
    <ClInclude Include="rapidjson\internal\strtod.h" />
    <ClInclude Include="rapidjson\internal\swap.h" />
    <ClInclude Include="rapidjson\istreamwrapper.h" />
    <ClInclude Include="rapidjson\memorybuffer.h" />
    <ClInclude Include="rapidjson\memorystream.h" />
    <ClInclude Include="rapidjson\msinttypes\inttypes.h" />
    <ClInclude Include="rapidjson\msinttypes\stdint.h" />
    <ClInclude Include="rapidjson\ostreamwrapper.h" />
    <ClInclude Include="rapidjson\pointer.h" />
    <ClInclude Include="rapidjson\prettywriter.h" />
    <ClInclude Include="rapidjson\rapidjson.h" />
    <ClInclude Include="rapidjson\reader.h" />
    <ClInclude Include="rapidjson\schema.h" />
    <ClInclude Include="rapidjson\stream.h" />
    <ClInclude Include="rapidjson\stringbuffer.h" />
    <ClInclude Include="rapidjson\uri.h" />
    <ClInclude Include="rapidjson\writer.h" />
    <ClInclude Include="GameObjects\WindEffect.h" />
    <ClInclude Include="GameObjects\BaseBall.h" />
    <ClInclude Include="Item.h" />
    <ClInclude Include="PickupItem.h" />
  </ItemGroup>
</Project>